
Microsoft Visual Studio Solution File, Format Version 12.00
# Visual Studio 2012
Project("{FAE04EC0-301F-11D3-BF4B-00C04F79EFBC}") = "TestAp.Forms", "TestAp\TestAp.Forms.csproj", "{036CA8DB-34CC-4D09-9ADC-EE15F741A5B3}"
EndProject
Project("{FAE04EC0-301F-11D3-BF4B-00C04F79EFBC}") = "TestAp.iOS", "iOS\TestAp.iOS.csproj", "{B60699A5-99F4-4AE7-A35B-707DD29357BD}"
EndProject
Project("{FAE04EC0-301F-11D3-BF4B-00C04F79EFBC}") = "TestAp.Droid", "Droid\TestAp.Droid.csproj", "{A0011435-9B02-4086-A4A8-6239AE1925C8}"
EndProject
Project("{2150E333-8FDC-42A3-9474-1A3956D46DE8}") = "Core", "Core", "{8DCA9C14-E5B4-410A-9B91-58240C8AED81}"
EndProject
Project("{FAE04EC0-301F-11D3-BF4B-00C04F79EFBC}") = "TestAp.Common", "TestAp\TestAp.Common\TestAp.Common.csproj", "{02689940-68D3-41D2-827D-167B793870C1}"
EndProject
Project("{FAE04EC0-301F-11D3-BF4B-00C04F79EFBC}") = "TestAp.Data", "TestAp\TestAp.Data\TestAp.Data.csproj", "{AC4774F3-8752-4637-B67F-63BC54669D67}"
EndProject
Global
	GlobalSection(SolutionConfigurationPlatforms) = preSolution
		Debug|Any CPU = Debug|Any CPU
		Release|Any CPU = Release|Any CPU
		Debug|iPhoneSimulator = Debug|iPhoneSimulator
		Release|iPhone = Release|iPhone
		Release|iPhoneSimulator = Release|iPhoneSimulator
		Debug|iPhone = Debug|iPhone
		Prerelease-HockeyApp|iPhone = Prerelease-HockeyApp|iPhone
		FeatureTest-HockeyApp|iPhone = FeatureTest-HockeyApp|iPhone
		AppStore|iPhone = AppStore|iPhone
	EndGlobalSection
	GlobalSection(ProjectConfigurationPlatforms) = postSolution
		{036CA8DB-34CC-4D09-9ADC-EE15F741A5B3}.Debug|Any CPU.ActiveCfg = Debug|Any CPU
		{036CA8DB-34CC-4D09-9ADC-EE15F741A5B3}.Debug|Any CPU.Build.0 = Debug|Any CPU
		{036CA8DB-34CC-4D09-9ADC-EE15F741A5B3}.Release|Any CPU.ActiveCfg = Release|Any CPU
		{036CA8DB-34CC-4D09-9ADC-EE15F741A5B3}.Release|Any CPU.Build.0 = Release|Any CPU
		{036CA8DB-34CC-4D09-9ADC-EE15F741A5B3}.Debug|iPhoneSimulator.ActiveCfg = Debug|Any CPU
		{036CA8DB-34CC-4D09-9ADC-EE15F741A5B3}.Debug|iPhoneSimulator.Build.0 = Debug|Any CPU
		{036CA8DB-34CC-4D09-9ADC-EE15F741A5B3}.Release|iPhone.ActiveCfg = Release|Any CPU
		{036CA8DB-34CC-4D09-9ADC-EE15F741A5B3}.Release|iPhone.Build.0 = Release|Any CPU
		{036CA8DB-34CC-4D09-9ADC-EE15F741A5B3}.Release|iPhoneSimulator.ActiveCfg = Release|Any CPU
		{036CA8DB-34CC-4D09-9ADC-EE15F741A5B3}.Release|iPhoneSimulator.Build.0 = Release|Any CPU
		{036CA8DB-34CC-4D09-9ADC-EE15F741A5B3}.Debug|iPhone.ActiveCfg = Debug|Any CPU
		{036CA8DB-34CC-4D09-9ADC-EE15F741A5B3}.Debug|iPhone.Build.0 = Debug|Any CPU
		{036CA8DB-34CC-4D09-9ADC-EE15F741A5B3}.Prerelease-HockeyApp|iPhone.ActiveCfg = Prerelease-HockeyApp|iPhone
		{036CA8DB-34CC-4D09-9ADC-EE15F741A5B3}.Prerelease-HockeyApp|iPhone.Build.0 = Prerelease-HockeyApp|iPhone
		{036CA8DB-34CC-4D09-9ADC-EE15F741A5B3}.FeatureTest-HockeyApp|iPhone.ActiveCfg = FeatureTest-HockeyApp|iPhone
		{036CA8DB-34CC-4D09-9ADC-EE15F741A5B3}.FeatureTest-HockeyApp|iPhone.Build.0 = FeatureTest-HockeyApp|iPhone
		{036CA8DB-34CC-4D09-9ADC-EE15F741A5B3}.AppStore|iPhone.ActiveCfg = AppStore|iPhone
		{036CA8DB-34CC-4D09-9ADC-EE15F741A5B3}.AppStore|iPhone.Build.0 = AppStore|iPhone
		{B60699A5-99F4-4AE7-A35B-707DD29357BD}.Debug|Any CPU.ActiveCfg = Debug|iPhoneSimulator
		{B60699A5-99F4-4AE7-A35B-707DD29357BD}.Debug|Any CPU.Build.0 = Debug|iPhoneSimulator
		{B60699A5-99F4-4AE7-A35B-707DD29357BD}.Release|Any CPU.ActiveCfg = Release|iPhone
		{B60699A5-99F4-4AE7-A35B-707DD29357BD}.Release|Any CPU.Build.0 = Release|iPhone
		{B60699A5-99F4-4AE7-A35B-707DD29357BD}.Debug|iPhoneSimulator.ActiveCfg = Debug|iPhoneSimulator
		{B60699A5-99F4-4AE7-A35B-707DD29357BD}.Debug|iPhoneSimulator.Build.0 = Debug|iPhoneSimulator
		{B60699A5-99F4-4AE7-A35B-707DD29357BD}.Release|iPhone.ActiveCfg = Release|iPhone
		{B60699A5-99F4-4AE7-A35B-707DD29357BD}.Release|iPhone.Build.0 = Release|iPhone
		{B60699A5-99F4-4AE7-A35B-707DD29357BD}.Release|iPhoneSimulator.ActiveCfg = Release|iPhoneSimulator
		{B60699A5-99F4-4AE7-A35B-707DD29357BD}.Release|iPhoneSimulator.Build.0 = Release|iPhoneSimulator
		{B60699A5-99F4-4AE7-A35B-707DD29357BD}.Debug|iPhone.ActiveCfg = Debug|iPhone
		{B60699A5-99F4-4AE7-A35B-707DD29357BD}.Debug|iPhone.Build.0 = Debug|iPhone
		{B60699A5-99F4-4AE7-A35B-707DD29357BD}.Prerelease-HockeyApp|iPhone.ActiveCfg = Prerelease-HockeyApp|iPhone
		{B60699A5-99F4-4AE7-A35B-707DD29357BD}.Prerelease-HockeyApp|iPhone.Build.0 = Prerelease-HockeyApp|iPhone
		{B60699A5-99F4-4AE7-A35B-707DD29357BD}.FeatureTest-HockeyApp|iPhone.ActiveCfg = FeatureTest-HockeyApp|iPhone
		{B60699A5-99F4-4AE7-A35B-707DD29357BD}.FeatureTest-HockeyApp|iPhone.Build.0 = FeatureTest-HockeyApp|iPhone
		{B60699A5-99F4-4AE7-A35B-707DD29357BD}.AppStore|iPhone.ActiveCfg = AppStore|iPhone
		{B60699A5-99F4-4AE7-A35B-707DD29357BD}.AppStore|iPhone.Build.0 = AppStore|iPhone
		{A0011435-9B02-4086-A4A8-6239AE1925C8}.Debug|Any CPU.ActiveCfg = Debug|Any CPU
		{A0011435-9B02-4086-A4A8-6239AE1925C8}.Debug|Any CPU.Build.0 = Debug|Any CPU
		{A0011435-9B02-4086-A4A8-6239AE1925C8}.Release|Any CPU.ActiveCfg = Release|Any CPU
		{A0011435-9B02-4086-A4A8-6239AE1925C8}.Release|Any CPU.Build.0 = Release|Any CPU
		{A0011435-9B02-4086-A4A8-6239AE1925C8}.Debug|iPhoneSimulator.ActiveCfg = Debug|Any CPU
		{A0011435-9B02-4086-A4A8-6239AE1925C8}.Debug|iPhoneSimulator.Build.0 = Debug|Any CPU
		{A0011435-9B02-4086-A4A8-6239AE1925C8}.Release|iPhone.ActiveCfg = Release|Any CPU
		{A0011435-9B02-4086-A4A8-6239AE1925C8}.Release|iPhone.Build.0 = Release|Any CPU
		{A0011435-9B02-4086-A4A8-6239AE1925C8}.Release|iPhoneSimulator.ActiveCfg = Release|Any CPU
		{A0011435-9B02-4086-A4A8-6239AE1925C8}.Release|iPhoneSimulator.Build.0 = Release|Any CPU
		{A0011435-9B02-4086-A4A8-6239AE1925C8}.Debug|iPhone.ActiveCfg = Debug|Any CPU
		{A0011435-9B02-4086-A4A8-6239AE1925C8}.Debug|iPhone.Build.0 = Debug|Any CPU
		{A0011435-9B02-4086-A4A8-6239AE1925C8}.Prerelease-HockeyApp|iPhone.ActiveCfg = Prerelease-HockeyApp|iPhone
		{A0011435-9B02-4086-A4A8-6239AE1925C8}.Prerelease-HockeyApp|iPhone.Build.0 = Prerelease-HockeyApp|iPhone
		{A0011435-9B02-4086-A4A8-6239AE1925C8}.FeatureTest-HockeyApp|iPhone.ActiveCfg = FeatureTest-HockeyApp|iPhone
		{A0011435-9B02-4086-A4A8-6239AE1925C8}.FeatureTest-HockeyApp|iPhone.Build.0 = FeatureTest-HockeyApp|iPhone
		{A0011435-9B02-4086-A4A8-6239AE1925C8}.AppStore|iPhone.ActiveCfg = AppStore|iPhone
		{A0011435-9B02-4086-A4A8-6239AE1925C8}.AppStore|iPhone.Build.0 = AppStore|iPhone
		{02689940-68D3-41D2-827D-167B793870C1}.Debug|Any CPU.ActiveCfg = Debug|Any CPU
		{02689940-68D3-41D2-827D-167B793870C1}.Debug|Any CPU.Build.0 = Debug|Any CPU
		{02689940-68D3-41D2-827D-167B793870C1}.Release|Any CPU.ActiveCfg = Release|Any CPU
		{02689940-68D3-41D2-827D-167B793870C1}.Release|Any CPU.Build.0 = Release|Any CPU
		{02689940-68D3-41D2-827D-167B793870C1}.Debug|iPhoneSimulator.ActiveCfg = Debug|Any CPU
		{02689940-68D3-41D2-827D-167B793870C1}.Debug|iPhoneSimulator.Build.0 = Debug|Any CPU
		{02689940-68D3-41D2-827D-167B793870C1}.Release|iPhone.ActiveCfg = Release|Any CPU
		{02689940-68D3-41D2-827D-167B793870C1}.Release|iPhone.Build.0 = Release|Any CPU
		{02689940-68D3-41D2-827D-167B793870C1}.Release|iPhoneSimulator.ActiveCfg = Release|Any CPU
		{02689940-68D3-41D2-827D-167B793870C1}.Release|iPhoneSimulator.Build.0 = Release|Any CPU
		{02689940-68D3-41D2-827D-167B793870C1}.Debug|iPhone.ActiveCfg = Debug|Any CPU
		{02689940-68D3-41D2-827D-167B793870C1}.Debug|iPhone.Build.0 = Debug|Any CPU
		{02689940-68D3-41D2-827D-167B793870C1}.Prerelease-HockeyApp|iPhone.ActiveCfg = Prerelease-HockeyApp|iPhone
		{02689940-68D3-41D2-827D-167B793870C1}.Prerelease-HockeyApp|iPhone.Build.0 = Prerelease-HockeyApp|iPhone
		{02689940-68D3-41D2-827D-167B793870C1}.FeatureTest-HockeyApp|iPhone.ActiveCfg = FeatureTest-HockeyApp|iPhone
		{02689940-68D3-41D2-827D-167B793870C1}.FeatureTest-HockeyApp|iPhone.Build.0 = FeatureTest-HockeyApp|iPhone
		{02689940-68D3-41D2-827D-167B793870C1}.AppStore|iPhone.ActiveCfg = AppStore|iPhone
		{02689940-68D3-41D2-827D-167B793870C1}.AppStore|iPhone.Build.0 = AppStore|iPhone
		{AC4774F3-8752-4637-B67F-63BC54669D67}.Debug|Any CPU.ActiveCfg = Debug|Any CPU
		{AC4774F3-8752-4637-B67F-63BC54669D67}.Debug|Any CPU.Build.0 = Debug|Any CPU
		{AC4774F3-8752-4637-B67F-63BC54669D67}.Release|Any CPU.ActiveCfg = Release|Any CPU
		{AC4774F3-8752-4637-B67F-63BC54669D67}.Release|Any CPU.Build.0 = Release|Any CPU
		{AC4774F3-8752-4637-B67F-63BC54669D67}.Debug|iPhoneSimulator.ActiveCfg = Debug|Any CPU
		{AC4774F3-8752-4637-B67F-63BC54669D67}.Debug|iPhoneSimulator.Build.0 = Debug|Any CPU
		{AC4774F3-8752-4637-B67F-63BC54669D67}.Release|iPhone.ActiveCfg = Release|Any CPU
		{AC4774F3-8752-4637-B67F-63BC54669D67}.Release|iPhone.Build.0 = Release|Any CPU
		{AC4774F3-8752-4637-B67F-63BC54669D67}.Release|iPhoneSimulator.ActiveCfg = Release|Any CPU
		{AC4774F3-8752-4637-B67F-63BC54669D67}.Release|iPhoneSimulator.Build.0 = Release|Any CPU
		{AC4774F3-8752-4637-B67F-63BC54669D67}.Debug|iPhone.ActiveCfg = Debug|Any CPU
		{AC4774F3-8752-4637-B67F-63BC54669D67}.Debug|iPhone.Build.0 = Debug|Any CPU
		{AC4774F3-8752-4637-B67F-63BC54669D67}.Prerelease-HockeyApp|iPhone.ActiveCfg = Prerelease-HockeyApp|iPhone
		{AC4774F3-8752-4637-B67F-63BC54669D67}.Prerelease-HockeyApp|iPhone.Build.0 = Prerelease-HockeyApp|iPhone
		{AC4774F3-8752-4637-B67F-63BC54669D67}.FeatureTest-HockeyApp|iPhone.ActiveCfg = FeatureTest-HockeyApp|iPhone
		{AC4774F3-8752-4637-B67F-63BC54669D67}.FeatureTest-HockeyApp|iPhone.Build.0 = FeatureTest-HockeyApp|iPhone
		{AC4774F3-8752-4637-B67F-63BC54669D67}.AppStore|iPhone.ActiveCfg = AppStore|iPhone
		{AC4774F3-8752-4637-B67F-63BC54669D67}.AppStore|iPhone.Build.0 = AppStore|iPhone
	EndGlobalSection
	GlobalSection(NestedProjects) = preSolution
		{036CA8DB-34CC-4D09-9ADC-EE15F741A5B3} = {8DCA9C14-E5B4-410A-9B91-58240C8AED81}
		{02689940-68D3-41D2-827D-167B793870C1} = {8DCA9C14-E5B4-410A-9B91-58240C8AED81}
		{AC4774F3-8752-4637-B67F-63BC54669D67} = {8DCA9C14-E5B4-410A-9B91-58240C8AED81}
	EndGlobalSection
EndGlobal
